<?xml version="1.0" encoding="utf-8"?>
<Project ToolsVersion="4.0" xmlns="http://schemas.microsoft.com/developer/msbuild/2003">
  <ItemGroup>
    <Filter Include="Source Files">
      <UniqueIdentifier>{4FC737F1-C7A5-4376-A066-2A32D752A2FF}</UniqueIdentifier>
      <Extensions>cpp;c;cc;cxx;def;odl;idl;hpj;bat;asm;asmx</Extensions>
    </Filter>
    <Filter Include="Header Files">
      <UniqueIdentifier>{93995380-89BD-4b04-88EB-625FBE52EBFB}</UniqueIdentifier>
      <Extensions>h;hpp;hxx;hm;inl;inc;xsd</Extensions>
    </Filter>
    <Filter Include="Resource Files">
      <UniqueIdentifier>{67DA6AB6-F800-4c08-8B7A-83BB121AAD01}</UniqueIdentifier>
      <Extensions>rc;ico;cur;bmp;dlg;rc2;rct;bin;rgs;gif;jpg;jpeg;jpe;resx;tiff;tif;png;wav;mfcribbon-ms</Extensions>
    </Filter>
  </ItemGroup>
  <ItemGroup>
    <Text Include="ReadMe.txt" />
  </ItemGroup>
  <ItemGroup>
    <ClInclude Include="include\OptionsParser.h">
      <Filter>Header Files</Filter>
    </ClInclude>
    <ClInclude Include="include\ConfigHandler.h">
      <Filter>Header Files</Filter>
    </ClInclude>
    <ClInclude Include="include\DeviceVerifier.h">
      <Filter>Header Files</Filter>
    </ClInclude>
    <ClInclude Include="include\PortVerifier.h">
      <Filter>Header Files</Filter>
    </ClInclude>
    <ClInclude Include="include\IRule.h">
      <Filter>Header Files</Filter>
    </ClInclude>
    <ClInclude Include="include\WhitespaceRule.h">
      <Filter>Header Files</Filter>
    </ClInclude>
    <ClInclude Include="include\CommentRule.h">
      <Filter>Header Files</Filter>
    </ClInclude>
    <ClInclude Include="include\PropertyRule.h">
      <Filter>Header Files</Filter>
    </ClInclude>
    <ClInclude Include="include\LeNameRule.h">
      <Filter>Header Files</Filter>
    </ClInclude>
    <ClInclude Include="include\PortHeaderRule.h">
      <Filter>Header Files</Filter>
    </ClInclude>
    <ClInclude Include="include\IVerifier.h">
      <Filter>Header Files</Filter>
    </ClInclude>
    <ClInclude Include="include\LE.h">
      <Filter>Header Files</Filter>
    </ClInclude>
    <ClInclude Include="include\Property.h">
      <Filter>Header Files</Filter>
    </ClInclude>
    <ClInclude Include="include\Port.h">
      <Filter>Header Files</Filter>
    </ClInclude>
    <ClInclude Include="include\ErrorLog.h">
      <Filter>Header Files</Filter>
    </ClInclude>
    <ClInclude Include="include\LETable.h">
      <Filter>Header Files</Filter>
    </ClInclude>
    <ClInclude Include="include\SemanticVerifier.h">
      <Filter>Header Files</Filter>
    </ClInclude>
    <ClInclude Include="include\IProtocol.h">
      <Filter>Header Files</Filter>
    </ClInclude>
    <ClInclude Include="include\VirtualLe.h">
      <Filter>Header Files</Filter>
    </ClInclude>
    <ClInclude Include="include\VirtualLETable.h">
      <Filter>Header Files</Filter>
    </ClInclude>
    <ClInclude Include="include\LEInfo.h">
      <Filter>Header Files</Filter>
    </ClInclude>
  </ItemGroup>
  <ItemGroup>
    <ClCompile Include="src\OptionsParser.cpp">
      <Filter>Source Files</Filter>
    </ClCompile>
    <ClCompile Include="src\ConfigHandler.cpp">
      <Filter>Source Files</Filter>
    </ClCompile>
    <ClCompile Include="src\DeviceVerifier.cpp">
      <Filter>Source Files</Filter>
    </ClCompile>
    <ClCompile Include="src\PortVerifier.cpp">
      <Filter>Source Files</Filter>
    </ClCompile>
    <ClCompile Include="src\WhitespaceRule.cpp">
      <Filter>Source Files</Filter>
    </ClCompile>
    <ClCompile Include="src\CommentRule.cpp">
      <Filter>Source Files</Filter>
    </ClCompile>
    <ClCompile Include="src\PropertyRule.cpp">
      <Filter>Source Files</Filter>
    </ClCompile>
    <ClCompile Include="src\LeNameRule.cpp">
      <Filter>Source Files</Filter>
    </ClCompile>
    <ClCompile Include="src\PortHeaderRule.cpp">
      <Filter>Source Files</Filter>
    </ClCompile>
    <ClCompile Include="src\LE.cpp">
      <Filter>Source Files</Filter>
    </ClCompile>
    <ClCompile Include="src\Property.cpp">
      <Filter>Source Files</Filter>
    </ClCompile>
    <ClCompile Include="src\Port.cpp">
      <Filter>Source Files</Filter>
    </ClCompile>
    <ClCompile Include="src\ErrorLog.cpp">
      <Filter>Source Files</Filter>
    </ClCompile>
    <ClCompile Include="src\LETable.cpp">
      <Filter>Source Files</Filter>
    </ClCompile>
    <ClCompile Include="src\SemanticVerifier.cpp">
      <Filter>Source Files</Filter>
    </ClCompile>
    <ClCompile Include="src\VirtualLe.cpp">
      <Filter>Source Files</Filter>
    </ClCompile>
    <ClCompile Include="src\LEInfo.cpp">
      <Filter>Source Files</Filter>
    </ClCompile>
    <ClCompile Include="src\VirtualLETable.cpp">
      <Filter>Source Files</Filter>
    </ClCompile>
  </ItemGroup>
</Project>